
Microsoft Visual Studio Solution File, Format Version 12.00
# Visual Studio Version 17
VisualStudioVersion = 17.4.33110.190
MinimumVisualStudioVersion = 10.0.40219.1
Project("{FAE04EC0-301F-11D3-BF4B-00C04F79EFBC}") = "NewRepoProject", "NewRepoProject.csproj", "{CBF440FD-011D-45AD-9029-A4DD40CDE8EA}"
EndProject
Global
	GlobalSection(SolutionConfigurationPlatforms) = preSolution
		Debug|Any CPU = Debug|Any CPU
		Release|Any CPU = Release|Any CPU
	EndGlobalSection
	GlobalSection(ProjectConfigurationPlatforms) = postSolution
		{CBF440FD-011D-45AD-9029-A4DD40CDE8EA}.Debug|Any CPU.ActiveCfg = Debug|Any CPU
		{CBF440FD-011D-45AD-9029-A4DD40CDE8EA}.Debug|Any CPU.Build.0 = Debug|Any CPU
		{CBF440FD-011D-45AD-9029-A4DD40CDE8EA}.Release|Any CPU.ActiveCfg = Release|Any CPU
		{CBF440FD-011D-45AD-9029-A4DD40CDE8EA}.Release|Any CPU.Build.0 = Release|Any CPU
	EndGlobalSection
	GlobalSection(SolutionProperties) = preSolution
		HideSolutionNode = FALSE
	EndGlobalSection
	GlobalSection(ExtensibilityGlobals) = postSolution
		SolutionGuid = {B72CAA46-DE21-4F0B-B3D8-56A32AD1AA64}
	EndGlobalSection
EndGlobal
